// !$*UTF8*$!
{
	archiveVersion = 1;
	classes = {
	};
	objectVersion = 50;
	objects = {

/* Begin PBXBuildFile section */
		3C88CFCC24ABBB1B0098A44A /* AppDelegate.swift in Sources */ = {isa = PBXBuildFile; fileRef = 3C88CFCB24ABBB1B0098A44A /* AppDelegate.swift */; };
		3C88CFCE24ABBB1B0098A44A /* SceneDelegate.swift in Sources */ = {isa = PBXBuildFile; fileRef = 3C88CFCD24ABBB1B0098A44A /* SceneDelegate.swift */; };
		3C88CFD024ABBB1B0098A44A /* ContentView.swift in Sources */ = {isa = PBXBuildFile; fileRef = 3C88CFCF24ABBB1B0098A44A /* ContentView.swift */; };
		3C88CFD224ABBB1E0098A44A /* Assets.xcassets in Resources */ = {isa = PBXBuildFile; fileRef = 3C88CFD124ABBB1E0098A44A /* Assets.xcassets */; };
		3C88CFD524ABBB1E0098A44A /* Preview Assets.xcassets in Resources */ = {isa = PBXBuildFile; fileRef = 3C88CFD424ABBB1E0098A44A /* Preview Assets.xcassets */; };
		3C88CFD824ABBB1E0098A44A /* LaunchScreen.storyboard in Resources */ = {isa = PBXBuildFile; fileRef = 3C88CFD624ABBB1E0098A44A /* LaunchScreen.storyboard */; };
		3CF48F0C24B3B92D00E55A92 /* MemoryGame.swift in Sources */ = {isa = PBXBuildFile; fileRef = 3CF48F0B24B3B92D00E55A92 /* MemoryGame.swift */; };
		3CF48F0E24B3BBDA00E55A92 /* EmojiMemoryGame.swift in Sources */ = {isa = PBXBuildFile; fileRef = 3CF48F0D24B3BBDA00E55A92 /* EmojiMemoryGame.swift */; };
/* End PBXBuildFile section */

/* Begin PBXFileReference section */
		3C88CFC824ABBB1B0098A44A /* Memorizable.app */ = {isa = PBXFileReference; explicitFileType = wrapper.application; includeInIndex = 0; path = Memorizable.app; sourceTree = BUILT_PRODUCTS_DIR; };
		3C88CFCB24ABBB1B0098A44A /* AppDelegate.swift */ = {isa = PBXFileReference; lastKnownFileType = sourcecode.swift; path = AppDelegate.swift; sourceTree = "<group>"; };
		3C88CFCD24ABBB1B0098A44A /* SceneDelegate.swift */ = {isa = PBXFileReference; lastKnownFileType = sourcecode.swift; path = SceneDelegate.swift; sourceTree = "<group>"; };
		3C88CFCF24ABBB1B0098A44A /* ContentView.swift */ = {isa = PBXFileReference; lastKnownFileType = sourcecode.swift; path = ContentView.swift; sourceTree = "<group>"; };
		3C88CFD124ABBB1E0098A44A /* Assets.xcassets */ = {isa = PBXFileReference; lastKnownFileType = folder.assetcatalog; path = Assets.xcassets; sourceTree = "<group>"; };
		3C88CFD424ABBB1E0098A44A /* Preview Assets.xcassets */ = {isa = PBXFileReference; lastKnownFileType = folder.assetcatalog; path = "Preview Assets.xcassets"; sourceTree = "<group>"; };
		3C88CFD724ABBB1E0098A44A /* Base */ = {isa = PBXFileReference; lastKnownFileType = file.storyboard; name = Base; path = Base.lproj/LaunchScreen.storyboard; sourceTree = "<group>"; };
		3C88CFD924ABBB1E0098A44A /* Info.plist */ = {isa = PBXFileReference; lastKnownFileType = text.plist.xml; path = Info.plist; sourceTree = "<group>"; };
		3CF48F0B24B3B92D00E55A92 /* MemoryGame.swift */ = {isa = PBXFileReference; lastKnownFileType = sourcecode.swift; path = MemoryGame.swift; sourceTree = "<group>"; };
		3CF48F0D24B3BBDA00E55A92 /* EmojiMemoryGame.swift */ = {isa = PBXFileReference; lastKnownFileType = sourcecode.swift; path = EmojiMemoryGame.swift; sourceTree = "<group>"; };
/* End PBXFileReference section */

/* Begin PBXFrameworksBuildPhase section */
		3C88CFC524ABBB1B0098A44A /* Frameworks */ = {
			isa = PBXFrameworksBuildPhase;
			buildActionMask = 2147483647;
			files = (
			);
			runOnlyForDeploymentPostprocessing = 0;
		};
/* End PBXFrameworksBuildPhase section */

/* Begin PBXGroup section */
		3C88CFBF24ABBB1B0098A44A = {
			isa = PBXGroup;
			children = (
				3C88CFCA24ABBB1B0098A44A /* Memorizable */,
				3C88CFC924ABBB1B0098A44A /* Products */,
			);
			sourceTree = "<group>";
		};
		3C88CFC924ABBB1B0098A44A /* Products */ = {
			isa = PBXGroup;
			children = (
				3C88CFC824ABBB1B0098A44A /* Memorizable.app */,
			);
			name = Products;
			sourceTree = "<group>";
		};
		3C88CFCA24ABBB1B0098A44A /* Memorizable */ = {
			isa = PBXGroup;
			children = (
				3C88CFCB24ABBB1B0098A44A /* AppDelegate.swift */,
				3C88CFCD24ABBB1B0098A44A /* SceneDelegate.swift */,
				3C88CFCF24ABBB1B0098A44A /* ContentView.swift */,
				3CF48F0D24B3BBDA00E55A92 /* EmojiMemoryGame.swift */,
				3CF48F0B24B3B92D00E55A92 /* MemoryGame.swift */,
				3C88CFD124ABBB1E0098A44A /* Assets.xcassets */,
				3C88CFD624ABBB1E0098A44A /* LaunchScreen.storyboard */,
				3C88CFD924ABBB1E0098A44A /* Info.plist */,
				3C88CFD324ABBB1E0098A44A /* Preview Content */,
			);
			path = Memorizable;
			sourceTree = "<group>";
		};
		3C88CFD324ABBB1E0098A44A /* Preview Content */ = {
			isa = PBXGroup;
			children = (
				3C88CFD424ABBB1E0098A44A /* Preview Assets.xcassets */,
			);
			path = "Preview Content";
			sourceTree = "<group>";
		};
/* End PBXGroup section */

/* Begin PBXNativeTarget section */
		3C88CFC724ABBB1B0098A44A /* Memorizable */ = {
			isa = PBXNativeTarget;
			buildConfigurationList = 3C88CFDC24ABBB1E0098A44A /* Build configuration list for PBXNativeTarget "Memorizable" */;
			buildPhases = (
				3C88CFC424ABBB1B0098A44A /* Sources */,
				3C88CFC524ABBB1B0098A44A /* Frameworks */,
				3C88CFC624ABBB1B0098A44A /* Resources */,
			);
			buildRules = (
			);
			dependencies = (
			);
			name = Memorizable;
			productName = Memorizable;
			productReference = 3C88CFC824ABBB1B0098A44A /* Memorizable.app */;
			productType = "com.apple.product-type.application";
		};
/* End PBXNativeTarget section */

/* Begin PBXProject section */
		3C88CFC024ABBB1B0098A44A /* Project object */ = {
			isa = PBXProject;
			attributes = {
				LastSwiftUpdateCheck = 1150;
				LastUpgradeCheck = 1150;
				ORGANIZATIONNAME = "Samuel Pinheiro Junior";
				TargetAttributes = {
					3C88CFC724ABBB1B0098A44A = {
						CreatedOnToolsVersion = 11.5;
					};
				};
			};
			buildConfigurationList = 3C88CFC324ABBB1B0098A44A /* Build configuration list for PBXProject "Memorizable" */;
			compatibilityVersion = "Xcode 9.3";
			developmentRegion = en;
			hasScannedForEncodings = 0;
			knownRegions = (
				en,
				Base,
			);
			mainGroup = 3C88CFBF24ABBB1B0098A44A;
			productRefGroup = 3C88CFC924ABBB1B0098A44A /* Products */;
			projectDirPath = "";
			projectRoot = "";
			targets = (
				3C88CFC724ABBB1B0098A44A /* Memorizable */,
			);
		};
/* End PBXProject section */

/* Begin PBXResourcesBuildPhase section */
		3C88CFC624ABBB1B0098A44A /* Resources */ = {
			isa = PBXResourcesBuildPhase;
			buildActionMask = 2147483647;
			files = (
				3C88CFD824ABBB1E0098A44A /* LaunchScreen.storyboard in Resources */,
				3C88CFD524ABBB1E0098A44A /* Preview Assets.xcassets in Resources */,
				3C88CFD224ABBB1E0098A44A /* Assets.xcassets in Resources */,
			);
			runOnlyForDeploymentPostprocessing = 0;
		};
/* End PBXResourcesBuildPhase section */

/* Begin PBXSourcesBuildPhase section */
		3C88CFC424ABBB1B0098A44A /* Sources */ = {
			isa = PBXSourcesBuildPhase;
			buildActionMask = 2147483647;
			files = (
				3C88CFCC24ABBB1B0098A44A /* AppDelegate.swift in Sources */,
				3C88CFCE24ABBB1B0098A44A /* SceneDelegate.swift in Sources */,
				3CF48F0C24B3B92D00E55A92 /* MemoryGame.swift in Sources */,
				3C88CFD024ABBB1B0098A44A /* ContentView.swift in Sources */,
				3CF48F0E24B3BBDA00E55A92 /* EmojiMemoryGame.swift in Sources */,
			);
			runOnlyForDeploymentPostprocessing = 0;
		};
/* End PBXSourcesBuildPhase section */

/* Begin PBXVariantGroup section */
		3C88CFD624ABBB1E0098A44A /* LaunchScreen.storyboard */ = {
			isa = PBXVariantGroup;
			children = (
				3C88CFD724ABBB1E0098A44A /* Base */,
			);
			name = LaunchScreen.storyboard;
			sourceTree = "<group>";
		};
/* End PBXVariantGroup section */

/* Begin XCBuildConfiguration section */
		3C88CFDA24ABBB1E0098A44A /* Debug */ = {
			isa = XCBuildConfiguration;
			buildSettings = {
				ALWAYS_SEARCH_USER_PATHS = NO;
				CLANG_ANALYZER_NONNULL = YES;
				CLANG_ANALYZER_NUMBER_OBJECT_CONVERSION = YES_AGGRESSIVE;
				CLANG_CXX_LANGUAGE_STANDARD = "gnu++14";
				CLANG_CXX_LIBRARY = "libc++";
				CLANG_ENABLE_MODULES = YES;
				CLANG_ENABLE_OBJC_ARC = YES;
				CLANG_ENABLE_OBJC_WEAK = YES;
				CLANG_WARN_BLOCK_CAPTURE_AUTORELEASING = YES;
				CLANG_WARN_BOOL_CONVERSION = YES;
				CLANG_WARN_COMMA = YES;
				CLANG_WARN_CONSTANT_CONVERSION = YES;
				CLANG_WARN_DEPRECATED_OBJC_IMPLEMENTATIONS = YES;
				CLANG_WARN_DIRECT_OBJC_ISA_USAGE = YES_ERROR;
				CLANG_WARN_DOCUMENTATION_COMMENTS = YES;
				CLANG_WARN_EMPTY_BODY = YES;
				CLANG_WARN_ENUM_CONVERSION = YES;
				CLANG_WARN_INFINITE_RECURSION = YES;
				CLANG_WARN_INT_CONVERSION = YES;
				CLANG_WARN_NON_LITERAL_NULL_CONVERSION = YES;
				CLANG_WARN_OBJC_IMPLICIT_RETAIN_SELF = YES;
				CLANG_WARN_OBJC_LITERAL_CONVERSION = YES;
				CLANG_WARN_OBJC_ROOT_CLASS = YES_ERROR;
				CLANG_WARN_RANGE_LOOP_ANALYSIS = YES;
				CLANG_WARN_STRICT_PROTOTYPES = YES;
				CLANG_WARN_SUSPICIOUS_MOVE = YES;
				CLANG_WARN_UNGUARDED_AVAILABILITY = YES_AGGRESSIVE;
				CLANG_WARN_UNREACHABLE_CODE = YES;
				CLANG_WARN__DUPLICATE_METHOD_MATCH = YES;
				COPY_PHASE_STRIP = NO;
				DEBUG_INFORMATION_FORMAT = dwarf;
				ENABLE_STRICT_OBJC_MSGSEND = YES;
				ENABLE_TESTABILITY = YES;
				GCC_C_LANGUAGE_STANDARD = gnu11;
				GCC_DYNAMIC_NO_PIC = NO;
				GCC_NO_COMMON_BLOCKS = YES;
				GCC_OPTIMIZATION_LEVEL = 0;
				GCC_PREPROCESSOR_DEFINITIONS = (
					"DEBUG=1",
					"$(inherited)",
				);
				GCC_WARN_64_TO_32_BIT_CONVERSION = YES;
				GCC_WARN_ABOUT_RETURN_TYPE = YES_ERROR;
				GCC_WARN_UNDECLARED_SELECTOR = YES;
				GCC_WARN_UNINITIALIZED_AUTOS = YES_AGGRESSIVE;
				GCC_WARN_UNUSED_FUNCTION = YES;
				GCC_WARN_UNUSED_VARIABLE = YES;
				IPHONEOS_DEPLOYMENT_TARGET = 13.5;
				MTL_ENABLE_DEBUG_INFO = INCLUDE_SOURCE;
				MTL_FAST_MATH = YES;
				ONLY_ACTIVE_ARCH = YES;
				SDKROOT = iphoneos;
				SWIFT_ACTIVE_COMPILATION_CONDITIONS = DEBUG;
				SWIFT_OPTIMIZATION_LEVEL = "-Onone";
			};
			name = Debug;
		};
		3C88CFDB24ABBB1E0098A44A /* Release */ = {
			isa = XCBuildConfiguration;
			buildSettings = {
				ALWAYS_SEARCH_USER_PATHS = NO;
				CLANG_ANALYZER_NONNULL = YES;
				CLANG_ANALYZER_NUMBER_OBJECT_CONVERSION = YES_AGGRESSIVE;
				CLANG_CXX_LANGUAGE_STANDARD = "gnu++14";
				CLANG_CXX_LIBRARY = "libc++";
				CLANG_ENABLE_MODULES = YES;
				CLANG_ENABLE_OBJC_ARC = YES;
				CLANG_ENABLE_OBJC_WEAK = YES;
				CLANG_WARN_BLOCK_CAPTURE_AUTORELEASING = YES;
				CLANG_WARN_BOOL_CONVERSION = YES;
				CLANG_WARN_COMMA = YES;
				CLANG_WARN_CONSTANT_CONVERSION = YES;
				CLANG_WARN_DEPRECATED_OBJC_IMPLEMENTATIONS = YES;
				CLANG_WARN_DIRECT_OBJC_ISA_USAGE = YES_ERROR;
				CLANG_WARN_DOCUMENTATION_COMMENTS = YES;
				CLANG_WARN_EMPTY_BODY = YES;
				CLANG_WARN_ENUM_CONVERSION = YES;
				CLANG_WARN_INFINITE_RECURSION = YES;
				CLANG_WARN_INT_CONVERSION = YES;
				CLANG_WARN_NON_LITERAL_NULL_CONVERSION = YES;
				CLANG_WARN_OBJC_IMPLICIT_RETAIN_SELF = YES;
				CLANG_WARN_OBJC_LITERAL_CONVERSION = YES;
				CLANG_WARN_OBJC_ROOT_CLASS = YES_ERROR;
				CLANG_WARN_RANGE_LOOP_ANALYSIS = YES;
				CLANG_WARN_STRICT_PROTOTYPES = YES;
				CLANG_WARN_SUSPICIOUS_MOVE = YES;
				CLANG_WARN_UNGUARDED_AVAILABILITY = YES_AGGRESSIVE;
				CLANG_WARN_UNREACHABLE_CODE = YES;
				CLANG_WARN__DUPLICATE_METHOD_MATCH = YES;
				COPY_PHASE_STRIP = NO;
				DEBUG_INFORMATION_FORMAT = "dwarf-with-dsym";
				ENABLE_NS_ASSERTIONS = NO;
				ENABLE_STRICT_OBJC_MSGSEND = YES;
				GCC_C_LANGUAGE_STANDARD = gnu11;
				GCC_NO_COMMON_BLOCKS = YES;
				GCC_WARN_64_TO_32_BIT_CONVERSION = YES;
				GCC_WARN_ABOUT_RETURN_TYPE = YES_ERROR;
				GCC_WARN_UNDECLARED_SELECTOR = YES;
				GCC_WARN_UNINITIALIZED_AUTOS = YES_AGGRESSIVE;
				GCC_WARN_UNUSED_FUNCTION = YES;
				GCC_WARN_UNUSED_VARIABLE = YES;
				IPHONEOS_DEPLOYMENT_TARGET = 13.5;
				MTL_ENABLE_DEBUG_INFO = NO;
				MTL_FAST_MATH = YES;
				SDKROOT = iphoneos;
				SWIFT_COMPILATION_MODE = wholemodule;
				SWIFT_OPTIMIZATION_LEVEL = "-O";
				VALIDATE_PRODUCT = YES;
			};
			name = Release;
		};
		3C88CFDD24ABBB1E0098A44A /* Debug */ = {
			isa = XCBuildConfiguration;
			buildSettings = {
				ASSETCATALOG_COMPILER_APPICON_NAME = AppIcon;
				CODE_SIGN_STYLE = Automatic;
				DEVELOPMENT_ASSET_PATHS = "\"Memorizable/Preview Content\"";
				DEVELOPMENT_TEAM = EKG8TDHSXY;
				ENABLE_PREVIEWS = YES;
				INFOPLIST_FILE = Memorizable/Info.plist;
				LD_RUNPATH_SEARCH_PATHS = (
					"$(inherited)",
					"@executable_path/Frameworks",
				);
				PRODUCT_BUNDLE_IDENTIFIER = br.com.samuelpinheirojr.Memorizable;
				PRODUCT_NAME = "$(TARGET_NAME)";
				SWIFT_VERSION = 5.0;
				TARGETED_DEVICE_FAMILY = "1,2";
			};
			name = Debug;
		};
		3C88CFDE24ABBB1E0098A44A /* Release */ = {
			isa = XCBuildConfiguration;
			buildSettings = {
				ASSETCATALOG_COMPILER_APPICON_NAME = AppIcon;
				CODE_SIGN_STYLE = Automatic;
				DEVELOPMENT_ASSET_PATHS = "\"Memorizable/Preview Content\"";
				DEVELOPMENT_TEAM = EKG8TDHSXY;
				ENABLE_PREVIEWS = YES;
				INFOPLIST_FILE = Memorizable/Info.plist;
				LD_RUNPATH_SEARCH_PATHS = (
					"$(inherited)",
					"@executable_path/Frameworks",
				);
				PRODUCT_BUNDLE_IDENTIFIER = br.com.samuelpinheirojr.Memorizable;
				PRODUCT_NAME = "$(TARGET_NAME)";
				SWIFT_VERSION = 5.0;
				TARGETED_DEVICE_FAMILY = "1,2";
			};
			name = Release;
		};
/* End XCBuildConfiguration section */

/* Begin XCConfigurationList section */
		3C88CFC324ABBB1B0098A44A /* Build configuration list for PBXProject "Memorizable" */ = {
			isa = XCConfigurationList;
			buildConfigurations = (
				3C88CFDA24ABBB1E0098A44A /* Debug */,
				3C88CFDB24ABBB1E0098A44A /* Release */,
			);
			defaultConfigurationIsVisible = 0;
			defaultConfigurationName = Release;
		};
		3C88CFDC24ABBB1E0098A44A /* Build configuration list for PBXNativeTarget "Memorizable" */ = {
			isa = XCConfigurationList;
			buildConfigurations = (
				3C88CFDD24ABBB1E0098A44A /* Debug */,
				3C88CFDE24ABBB1E0098A44A /* Release */,
			);
			defaultConfigurationIsVisible = 0;
			defaultConfigurationName = Release;
		};
/* End XCConfigurationList section */
	};
	rootObject = 3C88CFC024ABBB1B0098A44A /* Project object */;
}
